
Microsoft Visual Studio Solution File, Format Version 12.00
# Visual Studio Version 17
VisualStudioVersion = 17.7.34003.232
MinimumVisualStudioVersion = 10.0.40219.1
Project("{FAE04EC0-301F-11D3-BF4B-00C04F79EFBC}") = "PizzaTilaus", "PizzaTilaus\PizzaTilaus.csproj", "{93568587-B3F9-4924-979F-6FCB7B784D0E}"
EndProject
Global
	GlobalSection(SolutionConfigurationPlatforms) = preSolution
		Debug|Any CPU = Debug|Any CPU
		Release|Any CPU = Release|Any CPU
	EndGlobalSection
	GlobalSection(ProjectConfigurationPlatforms) = postSolution
		{93568587-B3F9-4924-979F-6FCB7B784D0E}.Debug|Any CPU.ActiveCfg = Debug|Any CPU
		{93568587-B3F9-4924-979F-6FCB7B784D0E}.Debug|Any CPU.Build.0 = Debug|Any CPU
		{93568587-B3F9-4924-979F-6FCB7B784D0E}.Release|Any CPU.ActiveCfg = Release|Any CPU
		{93568587-B3F9-4924-979F-6FCB7B784D0E}.Release|Any CPU.Build.0 = Release|Any CPU
	EndGlobalSection
	GlobalSection(SolutionProperties) = preSolution
		HideSolutionNode = FALSE
	EndGlobalSection
	GlobalSection(ExtensibilityGlobals) = postSolution
		SolutionGuid = {1B4BC936-820A-4B0B-9181-62119AB1A472}
	EndGlobalSection
EndGlobal
