
Microsoft Visual Studio Solution File, Format Version 12.00
# Visual Studio Version 17
VisualStudioVersion = 17.4.33213.308
MinimumVisualStudioVersion = 10.0.40219.1
Project("{FAE04EC0-301F-11D3-BF4B-00C04F79EFBC}") = "TokatHarjoitukset", "TokatHarjoitukset\TokatHarjoitukset.csproj", "{4A48FF8F-1C32-49A1-9C63-01A7A64E4986}"
EndProject
Global
	GlobalSection(SolutionConfigurationPlatforms) = preSolution
		Debug|Any CPU = Debug|Any CPU
		Release|Any CPU = Release|Any CPU
	EndGlobalSection
	GlobalSection(ProjectConfigurationPlatforms) = postSolution
		{4A48FF8F-1C32-49A1-9C63-01A7A64E4986}.Debug|Any CPU.ActiveCfg = Debug|Any CPU
		{4A48FF8F-1C32-49A1-9C63-01A7A64E4986}.Debug|Any CPU.Build.0 = Debug|Any CPU
		{4A48FF8F-1C32-49A1-9C63-01A7A64E4986}.Release|Any CPU.ActiveCfg = Release|Any CPU
		{4A48FF8F-1C32-49A1-9C63-01A7A64E4986}.Release|Any CPU.Build.0 = Release|Any CPU
	EndGlobalSection
	GlobalSection(SolutionProperties) = preSolution
		HideSolutionNode = FALSE
	EndGlobalSection
	GlobalSection(ExtensibilityGlobals) = postSolution
		SolutionGuid = {C7B9A56F-44CF-416F-8920-124E8A9F9E9D}
	EndGlobalSection
EndGlobal
