
Microsoft Visual Studio Solution File, Format Version 12.00
# Visual Studio Version 17
VisualStudioVersion = 17.4.33213.308
MinimumVisualStudioVersion = 10.0.40219.1
Project("{FAE04EC0-301F-11D3-BF4B-00C04F79EFBC}") = "18 Pudotusvalikko", "18 Pudotusvalikko\18 Pudotusvalikko.csproj", "{7C7EFF13-A519-47A3-9B8D-7E20141AC796}"
EndProject
Global
	GlobalSection(SolutionConfigurationPlatforms) = preSolution
		Debug|Any CPU = Debug|Any CPU
		Release|Any CPU = Release|Any CPU
	EndGlobalSection
	GlobalSection(ProjectConfigurationPlatforms) = postSolution
		{7C7EFF13-A519-47A3-9B8D-7E20141AC796}.Debug|Any CPU.ActiveCfg = Debug|Any CPU
		{7C7EFF13-A519-47A3-9B8D-7E20141AC796}.Debug|Any CPU.Build.0 = Debug|Any CPU
		{7C7EFF13-A519-47A3-9B8D-7E20141AC796}.Release|Any CPU.ActiveCfg = Release|Any CPU
		{7C7EFF13-A519-47A3-9B8D-7E20141AC796}.Release|Any CPU.Build.0 = Release|Any CPU
	EndGlobalSection
	GlobalSection(SolutionProperties) = preSolution
		HideSolutionNode = FALSE
	EndGlobalSection
	GlobalSection(ExtensibilityGlobals) = postSolution
		SolutionGuid = {4281D2FB-88BE-4EE5-91EF-61DBAE12F6FB}
	EndGlobalSection
EndGlobal
