
Microsoft Visual Studio Solution File, Format Version 12.00
# Visual Studio Version 17
VisualStudioVersion = 17.4.33213.308
MinimumVisualStudioVersion = 10.0.40219.1
Project("{FAE04EC0-301F-11D3-BF4B-00C04F79EFBC}") = "Ehtolauseita", "Ehtolauseita\Ehtolauseita.csproj", "{1BE382F0-941B-4250-A262-951D6AA7D328}"
EndProject
Global
	GlobalSection(SolutionConfigurationPlatforms) = preSolution
		Debug|Any CPU = Debug|Any CPU
		Release|Any CPU = Release|Any CPU
	EndGlobalSection
	GlobalSection(ProjectConfigurationPlatforms) = postSolution
		{1BE382F0-941B-4250-A262-951D6AA7D328}.Debug|Any CPU.ActiveCfg = Debug|Any CPU
		{1BE382F0-941B-4250-A262-951D6AA7D328}.Debug|Any CPU.Build.0 = Debug|Any CPU
		{1BE382F0-941B-4250-A262-951D6AA7D328}.Release|Any CPU.ActiveCfg = Release|Any CPU
		{1BE382F0-941B-4250-A262-951D6AA7D328}.Release|Any CPU.Build.0 = Release|Any CPU
	EndGlobalSection
	GlobalSection(SolutionProperties) = preSolution
		HideSolutionNode = FALSE
	EndGlobalSection
	GlobalSection(ExtensibilityGlobals) = postSolution
		SolutionGuid = {4D090C96-7E58-4B8D-AAA3-FAECDE471690}
	EndGlobalSection
EndGlobal
