
Microsoft Visual Studio Solution File, Format Version 12.00
# Visual Studio Version 17
VisualStudioVersion = 17.4.33213.308
MinimumVisualStudioVersion = 10.0.40219.1
Project("{FAE04EC0-301F-11D3-BF4B-00C04F79EFBC}") = "12 Kysymykset", "12 Kysymykset\12 Kysymykset.csproj", "{3D55E61A-43EF-4C34-9F18-A6190B2406ED}"
EndProject
Global
	GlobalSection(SolutionConfigurationPlatforms) = preSolution
		Debug|Any CPU = Debug|Any CPU
		Release|Any CPU = Release|Any CPU
	EndGlobalSection
	GlobalSection(ProjectConfigurationPlatforms) = postSolution
		{3D55E61A-43EF-4C34-9F18-A6190B2406ED}.Debug|Any CPU.ActiveCfg = Debug|Any CPU
		{3D55E61A-43EF-4C34-9F18-A6190B2406ED}.Debug|Any CPU.Build.0 = Debug|Any CPU
		{3D55E61A-43EF-4C34-9F18-A6190B2406ED}.Release|Any CPU.ActiveCfg = Release|Any CPU
		{3D55E61A-43EF-4C34-9F18-A6190B2406ED}.Release|Any CPU.Build.0 = Release|Any CPU
	EndGlobalSection
	GlobalSection(SolutionProperties) = preSolution
		HideSolutionNode = FALSE
	EndGlobalSection
	GlobalSection(ExtensibilityGlobals) = postSolution
		SolutionGuid = {1A5CFFA7-8880-4054-87A4-15B916B90890}
	EndGlobalSection
EndGlobal
