
Microsoft Visual Studio Solution File, Format Version 12.00
# Visual Studio Version 17
VisualStudioVersion = 17.4.33213.308
MinimumVisualStudioVersion = 10.0.40219.1
Project("{FAE04EC0-301F-11D3-BF4B-00C04F79EFBC}") = "LumoakatemiaPerus", "LumoakatemiaPerus\LumoakatemiaPerus.csproj", "{226085D1-08B6-4E19-8DC8-A0574F3DAB96}"
EndProject
Global
	GlobalSection(SolutionConfigurationPlatforms) = preSolution
		Debug|Any CPU = Debug|Any CPU
		Release|Any CPU = Release|Any CPU
	EndGlobalSection
	GlobalSection(ProjectConfigurationPlatforms) = postSolution
		{226085D1-08B6-4E19-8DC8-A0574F3DAB96}.Debug|Any CPU.ActiveCfg = Debug|Any CPU
		{226085D1-08B6-4E19-8DC8-A0574F3DAB96}.Debug|Any CPU.Build.0 = Debug|Any CPU
		{226085D1-08B6-4E19-8DC8-A0574F3DAB96}.Release|Any CPU.ActiveCfg = Release|Any CPU
		{226085D1-08B6-4E19-8DC8-A0574F3DAB96}.Release|Any CPU.Build.0 = Release|Any CPU
	EndGlobalSection
	GlobalSection(SolutionProperties) = preSolution
		HideSolutionNode = FALSE
	EndGlobalSection
	GlobalSection(ExtensibilityGlobals) = postSolution
		SolutionGuid = {03B2EE47-9E03-4750-824B-195179FF5D85}
	EndGlobalSection
EndGlobal
