
Microsoft Visual Studio Solution File, Format Version 12.00
# Visual Studio Version 17
VisualStudioVersion = 17.4.33213.308
MinimumVisualStudioVersion = 10.0.40219.1
Project("{FAE04EC0-301F-11D3-BF4B-00C04F79EFBC}") = "LumoakatemiaIFelse", "LumoakatemiaIFelse\LumoakatemiaIFelse.csproj", "{8A51B32A-0338-4447-9999-3F66B079BF54}"
EndProject
Global
	GlobalSection(SolutionConfigurationPlatforms) = preSolution
		Debug|Any CPU = Debug|Any CPU
		Release|Any CPU = Release|Any CPU
	EndGlobalSection
	GlobalSection(ProjectConfigurationPlatforms) = postSolution
		{8A51B32A-0338-4447-9999-3F66B079BF54}.Debug|Any CPU.ActiveCfg = Debug|Any CPU
		{8A51B32A-0338-4447-9999-3F66B079BF54}.Debug|Any CPU.Build.0 = Debug|Any CPU
		{8A51B32A-0338-4447-9999-3F66B079BF54}.Release|Any CPU.ActiveCfg = Release|Any CPU
		{8A51B32A-0338-4447-9999-3F66B079BF54}.Release|Any CPU.Build.0 = Release|Any CPU
	EndGlobalSection
	GlobalSection(SolutionProperties) = preSolution
		HideSolutionNode = FALSE
	EndGlobalSection
	GlobalSection(ExtensibilityGlobals) = postSolution
		SolutionGuid = {14CEED85-4B3B-4DB5-AE4B-DC6B0CCB1734}
	EndGlobalSection
EndGlobal
