
Microsoft Visual Studio Solution File, Format Version 12.00
# Visual Studio Version 17
VisualStudioVersion = 17.4.33213.308
MinimumVisualStudioVersion = 10.0.40219.1
Project("{FAE04EC0-301F-11D3-BF4B-00C04F79EFBC}") = "YksiNumerot", "YksiNumerot\YksiNumerot.csproj", "{70A1BE65-F0CA-4DE0-89EF-7C10FCEFF851}"
EndProject
Global
	GlobalSection(SolutionConfigurationPlatforms) = preSolution
		Debug|Any CPU = Debug|Any CPU
		Release|Any CPU = Release|Any CPU
	EndGlobalSection
	GlobalSection(ProjectConfigurationPlatforms) = postSolution
		{70A1BE65-F0CA-4DE0-89EF-7C10FCEFF851}.Debug|Any CPU.ActiveCfg = Debug|Any CPU
		{70A1BE65-F0CA-4DE0-89EF-7C10FCEFF851}.Debug|Any CPU.Build.0 = Debug|Any CPU
		{70A1BE65-F0CA-4DE0-89EF-7C10FCEFF851}.Release|Any CPU.ActiveCfg = Release|Any CPU
		{70A1BE65-F0CA-4DE0-89EF-7C10FCEFF851}.Release|Any CPU.Build.0 = Release|Any CPU
	EndGlobalSection
	GlobalSection(SolutionProperties) = preSolution
		HideSolutionNode = FALSE
	EndGlobalSection
	GlobalSection(ExtensibilityGlobals) = postSolution
		SolutionGuid = {1ED49D5E-19B5-4674-849F-1FEAD85471F6}
	EndGlobalSection
EndGlobal
