
Microsoft Visual Studio Solution File, Format Version 12.00
# Visual Studio Version 17
VisualStudioVersion = 17.7.34003.232
MinimumVisualStudioVersion = 10.0.40219.1
Project("{FAE04EC0-301F-11D3-BF4B-00C04F79EFBC}") = "GraphHarjoitus2", "GraphHarjoitus2\GraphHarjoitus2.csproj", "{DAD7C2EE-13FF-4F08-BB0C-AAB925A6FF3F}"
EndProject
Global
	GlobalSection(SolutionConfigurationPlatforms) = preSolution
		Debug|Any CPU = Debug|Any CPU
		Release|Any CPU = Release|Any CPU
	EndGlobalSection
	GlobalSection(ProjectConfigurationPlatforms) = postSolution
		{DAD7C2EE-13FF-4F08-BB0C-AAB925A6FF3F}.Debug|Any CPU.ActiveCfg = Debug|Any CPU
		{DAD7C2EE-13FF-4F08-BB0C-AAB925A6FF3F}.Debug|Any CPU.Build.0 = Debug|Any CPU
		{DAD7C2EE-13FF-4F08-BB0C-AAB925A6FF3F}.Release|Any CPU.ActiveCfg = Release|Any CPU
		{DAD7C2EE-13FF-4F08-BB0C-AAB925A6FF3F}.Release|Any CPU.Build.0 = Release|Any CPU
	EndGlobalSection
	GlobalSection(SolutionProperties) = preSolution
		HideSolutionNode = FALSE
	EndGlobalSection
	GlobalSection(ExtensibilityGlobals) = postSolution
		SolutionGuid = {3C975964-CB84-4933-9F3F-459C12828ED0}
	EndGlobalSection
EndGlobal
