
Microsoft Visual Studio Solution File, Format Version 12.00
# Visual Studio Version 17
VisualStudioVersion = 17.7.34003.232
MinimumVisualStudioVersion = 10.0.40219.1
Project("{FAE04EC0-301F-11D3-BF4B-00C04F79EFBC}") = "20 CRUD", "20 CRUD\20 CRUD.csproj", "{C1FA0F26-0994-49B9-98D2-460ECCB0897B}"
EndProject
Global
	GlobalSection(SolutionConfigurationPlatforms) = preSolution
		Debug|Any CPU = Debug|Any CPU
		Release|Any CPU = Release|Any CPU
	EndGlobalSection
	GlobalSection(ProjectConfigurationPlatforms) = postSolution
		{C1FA0F26-0994-49B9-98D2-460ECCB0897B}.Debug|Any CPU.ActiveCfg = Debug|Any CPU
		{C1FA0F26-0994-49B9-98D2-460ECCB0897B}.Debug|Any CPU.Build.0 = Debug|Any CPU
		{C1FA0F26-0994-49B9-98D2-460ECCB0897B}.Release|Any CPU.ActiveCfg = Release|Any CPU
		{C1FA0F26-0994-49B9-98D2-460ECCB0897B}.Release|Any CPU.Build.0 = Release|Any CPU
	EndGlobalSection
	GlobalSection(SolutionProperties) = preSolution
		HideSolutionNode = FALSE
	EndGlobalSection
	GlobalSection(ExtensibilityGlobals) = postSolution
		SolutionGuid = {9B44E31D-64AB-4EA4-96EA-21CEF1282C73}
	EndGlobalSection
EndGlobal
